// !$*UTF8*$!
{
	archiveVersion = 1;
	classes = {
	};
	objectVersion = 46;
	objects = {

/* Begin PBXBuildFile section */
		0631D40CBBB1496BBDE853F7 /* libPods-DragDrop.a in Frameworks */ = {isa = PBXBuildFile; fileRef = F77681ECF40D4A5ABDB3EBF7 /* libPods-DragDrop.a */; };
		340147A719517BD400EC76BB /* Foundation.framework in Frameworks */ = {isa = PBXBuildFile; fileRef = 340147A619517BD400EC76BB /* Foundation.framework */; };
		340147A919517BD400EC76BB /* CoreGraphics.framework in Frameworks */ = {isa = PBXBuildFile; fileRef = 340147A819517BD400EC76BB /* CoreGraphics.framework */; };
		340147AB19517BD400EC76BB /* UIKit.framework in Frameworks */ = {isa = PBXBuildFile; fileRef = 340147AA19517BD400EC76BB /* UIKit.framework */; };
		340147B119517BD400EC76BB /* InfoPlist.strings in Resources */ = {isa = PBXBuildFile; fileRef = 340147AF19517BD400EC76BB /* InfoPlist.strings */; };
		340147B319517BD400EC76BB /* main.m in Sources */ = {isa = PBXBuildFile; fileRef = 340147B219517BD400EC76BB /* main.m */; };
		340147B719517BD400EC76BB /* DRPAppDelegate.m in Sources */ = {isa = PBXBuildFile; fileRef = 340147B619517BD400EC76BB /* DRPAppDelegate.m */; };
		340147BA19517BD400EC76BB /* Main_iPhone.storyboard in Resources */ = {isa = PBXBuildFile; fileRef = 340147B819517BD400EC76BB /* Main_iPhone.storyboard */; };
		340147BD19517BD400EC76BB /* Main_iPad.storyboard in Resources */ = {isa = PBXBuildFile; fileRef = 340147BB19517BD400EC76BB /* Main_iPad.storyboard */; };
		340147C019517BD400EC76BB /* DRPViewController.m in Sources */ = {isa = PBXBuildFile; fileRef = 340147BF19517BD400EC76BB /* DRPViewController.m */; };
		340147C219517BD400EC76BB /* Images.xcassets in Resources */ = {isa = PBXBuildFile; fileRef = 340147C119517BD400EC76BB /* Images.xcassets */; };
		340147C919517BD400EC76BB /* XCTest.framework in Frameworks */ = {isa = PBXBuildFile; fileRef = 340147C819517BD400EC76BB /* XCTest.framework */; };
		340147CA19517BD400EC76BB /* Foundation.framework in Frameworks */ = {isa = PBXBuildFile; fileRef = 340147A619517BD400EC76BB /* Foundation.framework */; };
		340147CB19517BD400EC76BB /* UIKit.framework in Frameworks */ = {isa = PBXBuildFile; fileRef = 340147AA19517BD400EC76BB /* UIKit.framework */; };
		340147D319517BD400EC76BB /* InfoPlist.strings in Resources */ = {isa = PBXBuildFile; fileRef = 340147D119517BD400EC76BB /* InfoPlist.strings */; };
		340147D519517BD400EC76BB /* DragDropTests.m in Sources */ = {isa = PBXBuildFile; fileRef = 340147D419517BD400EC76BB /* DragDropTests.m */; };
		34C6BEF6197E58D8007DFDCB /* DRPDragActionController.m in Sources */ = {isa = PBXBuildFile; fileRef = 34C6BEEF197E58D8007DFDCB /* DRPDragActionController.m */; };
		34C6BEF7197E58D8007DFDCB /* DRPDraggableImageView.m in Sources */ = {isa = PBXBuildFile; fileRef = 34C6BEF1197E58D8007DFDCB /* DRPDraggableImageView.m */; };
		34C6BEF8197E58D8007DFDCB /* DRPDraggableView.m in Sources */ = {isa = PBXBuildFile; fileRef = 34C6BEF3197E58D8007DFDCB /* DRPDraggableView.m */; };
		34C6BEF9197E58D8007DFDCB /* DRPOverlayView.m in Sources */ = {isa = PBXBuildFile; fileRef = 34C6BEF5197E58D8007DFDCB /* DRPOverlayView.m */; };
		9B24D1F6A68E1892613C6C93 /* 535972-418x500.jpg in Resources */ = {isa = PBXBuildFile; fileRef = 9B24DBDE34AF6001805EF3CE /* 535972-418x500.jpg */; };
		9B24D7E56F0715960D0674DC /* DragDropGem.png in Resources */ = {isa = PBXBuildFile; fileRef = 9B24DA19B0515ED9D4CC309F /* DragDropGem.png */; };
		9B24D8D7879AA8DE7E7C891E /* DragDropGem@2x.png in Resources */ = {isa = PBXBuildFile; fileRef = 9B24DA67EC5B1FABB6398BC7 /* DragDropGem@2x.png */; };
		9B24DB1B4A64F425E371BCB6 /* DRPTableViewCell.m in Sources */ = {isa = PBXBuildFile; fileRef = 9B24DB5E0B66AFEE422A8C3C /* DRPTableViewCell.m */; };
/* End PBXBuildFile section */

/* Begin PBXContainerItemProxy section */
		340147CC19517BD400EC76BB /* PBXContainerItemProxy */ = {
			isa = PBXContainerItemProxy;
			containerPortal = 3401479B19517BD400EC76BB /* Project object */;
			proxyType = 1;
			remoteGlobalIDString = 340147A219517BD400EC76BB;
			remoteInfo = DragDrop;
		};
/* End PBXContainerItemProxy section */

/* Begin PBXFileReference section */
		340147A319517BD400EC76BB /* DragDrop.app */ = {isa = PBXFileReference; explicitFileType = wrapper.application; includeInIndex = 0; path = DragDrop.app; sourceTree = BUILT_PRODUCTS_DIR; };
		340147A619517BD400EC76BB /* Foundation.framework */ = {isa = PBXFileReference; lastKnownFileType = wrapper.framework; name = Foundation.framework; path = System/Library/Frameworks/Foundation.framework; sourceTree = SDKROOT; };
		340147A819517BD400EC76BB /* CoreGraphics.framework */ = {isa = PBXFileReference; lastKnownFileType = wrapper.framework; name = CoreGraphics.framework; path = System/Library/Frameworks/CoreGraphics.framework; sourceTree = SDKROOT; };
		340147AA19517BD400EC76BB /* UIKit.framework */ = {isa = PBXFileReference; lastKnownFileType = wrapper.framework; name = UIKit.framework; path = System/Library/Frameworks/UIKit.framework; sourceTree = SDKROOT; };
		340147AE19517BD400EC76BB /* DragDrop-Info.plist */ = {isa = PBXFileReference; lastKnownFileType = text.plist.xml; path = "DragDrop-Info.plist"; sourceTree = "<group>"; };
		340147B019517BD400EC76BB /* en */ = {isa = PBXFileReference; lastKnownFileType = text.plist.strings; name = en; path = en.lproj/InfoPlist.strings; sourceTree = "<group>"; };
		340147B219517BD400EC76BB /* main.m */ = {isa = PBXFileReference; lastKnownFileType = sourcecode.c.objc; path = main.m; sourceTree = "<group>"; };
		340147B419517BD400EC76BB /* DragDrop-Prefix.pch */ = {isa = PBXFileReference; lastKnownFileType = sourcecode.c.h; path = "DragDrop-Prefix.pch"; sourceTree = "<group>"; };
		340147B519517BD400EC76BB /* DRPAppDelegate.h */ = {isa = PBXFileReference; lastKnownFileType = sourcecode.c.h; path = DRPAppDelegate.h; sourceTree = "<group>"; };
		340147B619517BD400EC76BB /* DRPAppDelegate.m */ = {isa = PBXFileReference; lastKnownFileType = sourcecode.c.objc; path = DRPAppDelegate.m; sourceTree = "<group>"; };
		340147B919517BD400EC76BB /* Base */ = {isa = PBXFileReference; lastKnownFileType = file.storyboard; name = Base; path = Base.lproj/Main_iPhone.storyboard; sourceTree = "<group>"; };
		340147BC19517BD400EC76BB /* Base */ = {isa = PBXFileReference; lastKnownFileType = file.storyboard; name = Base; path = Base.lproj/Main_iPad.storyboard; sourceTree = "<group>"; };
		340147BE19517BD400EC76BB /* DRPViewController.h */ = {isa = PBXFileReference; lastKnownFileType = sourcecode.c.h; path = DRPViewController.h; sourceTree = "<group>"; };
		340147BF19517BD400EC76BB /* DRPViewController.m */ = {isa = PBXFileReference; lastKnownFileType = sourcecode.c.objc; path = DRPViewController.m; sourceTree = "<group>"; };
		340147C119517BD400EC76BB /* Images.xcassets */ = {isa = PBXFileReference; lastKnownFileType = folder.assetcatalog; path = Images.xcassets; sourceTree = "<group>"; };
		340147C719517BD400EC76BB /* DragDropTests.xctest */ = {isa = PBXFileReference; explicitFileType = wrapper.cfbundle; includeInIndex = 0; path = DragDropTests.xctest; sourceTree = BUILT_PRODUCTS_DIR; };
		340147C819517BD400EC76BB /* XCTest.framework */ = {isa = PBXFileReference; lastKnownFileType = wrapper.framework; name = XCTest.framework; path = Library/Frameworks/XCTest.framework; sourceTree = DEVELOPER_DIR; };
		340147D019517BD400EC76BB /* DragDropTests-Info.plist */ = {isa = PBXFileReference; lastKnownFileType = text.plist.xml; path = "DragDropTests-Info.plist"; sourceTree = "<group>"; };
		340147D219517BD400EC76BB /* en */ = {isa = PBXFileReference; lastKnownFileType = text.plist.strings; name = en; path = en.lproj/InfoPlist.strings; sourceTree = "<group>"; };
		340147D419517BD400EC76BB /* DragDropTests.m */ = {isa = PBXFileReference; lastKnownFileType = sourcecode.c.objc; path = DragDropTests.m; sourceTree = "<group>"; };
		34C6BEEE197E58D8007DFDCB /* DRPDragActionController.h */ = {isa = PBXFileReference; fileEncoding = 4; lastKnownFileType = sourcecode.c.h; path = DRPDragActionController.h; sourceTree = "<group>"; };
		34C6BEEF197E58D8007DFDCB /* DRPDragActionController.m */ = {isa = PBXFileReference; fileEncoding = 4; lastKnownFileType = sourcecode.c.objc; path = DRPDragActionController.m; sourceTree = "<group>"; };
		34C6BEF0197E58D8007DFDCB /* DRPDraggableImageView.h */ = {isa = PBXFileReference; fileEncoding = 4; lastKnownFileType = sourcecode.c.h; path = DRPDraggableImageView.h; sourceTree = "<group>"; };
		34C6BEF1197E58D8007DFDCB /* DRPDraggableImageView.m */ = {isa = PBXFileReference; fileEncoding = 4; lastKnownFileType = sourcecode.c.objc; path = DRPDraggableImageView.m; sourceTree = "<group>"; };
		34C6BEF2197E58D8007DFDCB /* DRPDraggableView.h */ = {isa = PBXFileReference; fileEncoding = 4; lastKnownFileType = sourcecode.c.h; path = DRPDraggableView.h; sourceTree = "<group>"; };
		34C6BEF3197E58D8007DFDCB /* DRPDraggableView.m */ = {isa = PBXFileReference; fileEncoding = 4; lastKnownFileType = sourcecode.c.objc; path = DRPDraggableView.m; sourceTree = "<group>"; };
		34C6BEF4197E58D8007DFDCB /* DRPOverlayView.h */ = {isa = PBXFileReference; fileEncoding = 4; lastKnownFileType = sourcecode.c.h; path = DRPOverlayView.h; sourceTree = "<group>"; };
		34C6BEF5197E58D8007DFDCB /* DRPOverlayView.m */ = {isa = PBXFileReference; fileEncoding = 4; lastKnownFileType = sourcecode.c.objc; path = DRPOverlayView.m; sourceTree = "<group>"; };
		36699445BC2E4C519DC5C18D /* Pods-DragDrop.xcconfig */ = {isa = PBXFileReference; includeInIndex = 1; lastKnownFileType = text.xcconfig; name = "Pods-DragDrop.xcconfig"; path = "Pods/Pods-DragDrop.xcconfig"; sourceTree = "<group>"; };
		9B24D47FE70A0E454672AC65 /* DRPTableViewCell.h */ = {isa = PBXFileReference; fileEncoding = 4; lastKnownFileType = sourcecode.c.h; path = DRPTableViewCell.h; sourceTree = "<group>"; };
		9B24DA19B0515ED9D4CC309F /* DragDropGem.png */ = {isa = PBXFileReference; lastKnownFileType = image.png; path = DragDropGem.png; sourceTree = "<group>"; };
		9B24DA67EC5B1FABB6398BC7 /* DragDropGem@2x.png */ = {isa = PBXFileReference; lastKnownFileType = image.png; path = "DragDropGem@2x.png"; sourceTree = "<group>"; };
		9B24DB5E0B66AFEE422A8C3C /* DRPTableViewCell.m */ = {isa = PBXFileReference; fileEncoding = 4; lastKnownFileType = sourcecode.c.objc; path = DRPTableViewCell.m; sourceTree = "<group>"; };
		9B24DBDE34AF6001805EF3CE /* 535972-418x500.jpg */ = {isa = PBXFileReference; lastKnownFileType = image.jpeg; path = "535972-418x500.jpg"; sourceTree = "<group>"; };
		F77681ECF40D4A5ABDB3EBF7 /* libPods-DragDrop.a */ = {isa = PBXFileReference; explicitFileType = archive.ar; includeInIndex = 0; path = "libPods-DragDrop.a"; sourceTree = BUILT_PRODUCTS_DIR; };
/* End PBXFileReference section */

/* Begin PBXFrameworksBuildPhase section */
		340147A019517BD400EC76BB /* Frameworks */ = {
			isa = PBXFrameworksBuildPhase;
			buildActionMask = 2147483647;
			files = (
				340147A919517BD400EC76BB /* CoreGraphics.framework in Frameworks */,
				340147AB19517BD400EC76BB /* UIKit.framework in Frameworks */,
				340147A719517BD400EC76BB /* Foundation.framework in Frameworks */,
				0631D40CBBB1496BBDE853F7 /* libPods-DragDrop.a in Frameworks */,
			);
			runOnlyForDeploymentPostprocessing = 0;
		};
		340147C419517BD400EC76BB /* Frameworks */ = {
			isa = PBXFrameworksBuildPhase;
			buildActionMask = 2147483647;
			files = (
				340147C919517BD400EC76BB /* XCTest.framework in Frameworks */,
				340147CB19517BD400EC76BB /* UIKit.framework in Frameworks */,
				340147CA19517BD400EC76BB /* Foundation.framework in Frameworks */,
			);
			runOnlyForDeploymentPostprocessing = 0;
		};
/* End PBXFrameworksBuildPhase section */

/* Begin PBXGroup section */
		3401479A19517BD400EC76BB = {
			isa = PBXGroup;
			children = (
				34C6BEED197E5888007DFDCB /* Source */,
				340147AC19517BD400EC76BB /* DragDrop */,
				340147CE19517BD400EC76BB /* DragDropTests */,
				340147A519517BD400EC76BB /* Frameworks */,
				340147A419517BD400EC76BB /* Products */,
				36699445BC2E4C519DC5C18D /* Pods-DragDrop.xcconfig */,
			);
			sourceTree = "<group>";
		};
		340147A419517BD400EC76BB /* Products */ = {
			isa = PBXGroup;
			children = (
				340147A319517BD400EC76BB /* DragDrop.app */,
				340147C719517BD400EC76BB /* DragDropTests.xctest */,
			);
			name = Products;
			sourceTree = "<group>";
		};
		340147A519517BD400EC76BB /* Frameworks */ = {
			isa = PBXGroup;
			children = (
				340147A619517BD400EC76BB /* Foundation.framework */,
				340147A819517BD400EC76BB /* CoreGraphics.framework */,
				340147AA19517BD400EC76BB /* UIKit.framework */,
				340147C819517BD400EC76BB /* XCTest.framework */,
				F77681ECF40D4A5ABDB3EBF7 /* libPods-DragDrop.a */,
			);
			name = Frameworks;
			sourceTree = "<group>";
		};
		340147AC19517BD400EC76BB /* DragDrop */ = {
			isa = PBXGroup;
			children = (
				340147B519517BD400EC76BB /* DRPAppDelegate.h */,
				340147B619517BD400EC76BB /* DRPAppDelegate.m */,
				340147B819517BD400EC76BB /* Main_iPhone.storyboard */,
				340147BB19517BD400EC76BB /* Main_iPad.storyboard */,
				340147BE19517BD400EC76BB /* DRPViewController.h */,
				340147BF19517BD400EC76BB /* DRPViewController.m */,
				340147C119517BD400EC76BB /* Images.xcassets */,
				340147AD19517BD400EC76BB /* Supporting Files */,
				9B24DB5E0B66AFEE422A8C3C /* DRPTableViewCell.m */,
				9B24D47FE70A0E454672AC65 /* DRPTableViewCell.h */,
				9B24DBDE34AF6001805EF3CE /* 535972-418x500.jpg */,
				9B24DA67EC5B1FABB6398BC7 /* DragDropGem@2x.png */,
				9B24DA19B0515ED9D4CC309F /* DragDropGem.png */,
			);
			path = DragDrop;
			sourceTree = "<group>";
		};
		340147AD19517BD400EC76BB /* Supporting Files */ = {
			isa = PBXGroup;
			children = (
				340147AE19517BD400EC76BB /* DragDrop-Info.plist */,
				340147AF19517BD400EC76BB /* InfoPlist.strings */,
				340147B219517BD400EC76BB /* main.m */,
				340147B419517BD400EC76BB /* DragDrop-Prefix.pch */,
			);
			name = "Supporting Files";
			sourceTree = "<group>";
		};
		340147CE19517BD400EC76BB /* DragDropTests */ = {
			isa = PBXGroup;
			children = (
				340147D419517BD400EC76BB /* DragDropTests.m */,
				340147CF19517BD400EC76BB /* Supporting Files */,
			);
			path = DragDropTests;
			sourceTree = "<group>";
		};
		340147CF19517BD400EC76BB /* Supporting Files */ = {
			isa = PBXGroup;
			children = (
				340147D019517BD400EC76BB /* DragDropTests-Info.plist */,
				340147D119517BD400EC76BB /* InfoPlist.strings */,
			);
			name = "Supporting Files";
			sourceTree = "<group>";
		};
		34C6BEED197E5888007DFDCB /* Source */ = {
			isa = PBXGroup;
			children = (
				34C6BEEE197E58D8007DFDCB /* DRPDragActionController.h */,
				34C6BEEF197E58D8007DFDCB /* DRPDragActionController.m */,
				34C6BEF0197E58D8007DFDCB /* DRPDraggableImageView.h */,
				34C6BEF1197E58D8007DFDCB /* DRPDraggableImageView.m */,
				34C6BEF2197E58D8007DFDCB /* DRPDraggableView.h */,
				34C6BEF3197E58D8007DFDCB /* DRPDraggableView.m */,
				34C6BEF4197E58D8007DFDCB /* DRPOverlayView.h */,
				34C6BEF5197E58D8007DFDCB /* DRPOverlayView.m */,
			);
			path = Source;
			sourceTree = "<group>";
		};
/* End PBXGroup section */

/* Begin PBXNativeTarget section */
		340147A219517BD400EC76BB /* DragDrop */ = {
			isa = PBXNativeTarget;
			buildConfigurationList = 340147D819517BD400EC76BB /* Build configuration list for PBXNativeTarget "DragDrop" */;
			buildPhases = (
				1EDBF43B831C4900868A33D7 /* Check Pods Manifest.lock */,
				3401479F19517BD400EC76BB /* Sources */,
				340147A019517BD400EC76BB /* Frameworks */,
				340147A119517BD400EC76BB /* Resources */,
				80F47802BAE4438CA3A79D22 /* Copy Pods Resources */,
			);
			buildRules = (
			);
			dependencies = (
			);
			name = DragDrop;
			productName = DragDrop;
			productReference = 340147A319517BD400EC76BB /* DragDrop.app */;
			productType = "com.apple.product-type.application";
		};
		340147C619517BD400EC76BB /* DragDropTests */ = {
			isa = PBXNativeTarget;
			buildConfigurationList = 340147DB19517BD400EC76BB /* Build configuration list for PBXNativeTarget "DragDropTests" */;
			buildPhases = (
				340147C319517BD400EC76BB /* Sources */,
				340147C419517BD400EC76BB /* Frameworks */,
				340147C519517BD400EC76BB /* Resources */,
			);
			buildRules = (
			);
			dependencies = (
				340147CD19517BD400EC76BB /* PBXTargetDependency */,
			);
			name = DragDropTests;
			productName = DragDropTests;
			productReference = 340147C719517BD400EC76BB /* DragDropTests.xctest */;
			productType = "com.apple.product-type.bundle.unit-test";
		};
/* End PBXNativeTarget section */

/* Begin PBXProject section */
		3401479B19517BD400EC76BB /* Project object */ = {
			isa = PBXProject;
			attributes = {
				CLASSPREFIX = DRP;
				LastUpgradeCheck = 0510;
				ORGANIZATIONNAME = Maciej;
				TargetAttributes = {
					340147C619517BD400EC76BB = {
						TestTargetID = 340147A219517BD400EC76BB;
					};
				};
			};
			buildConfigurationList = 3401479E19517BD400EC76BB /* Build configuration list for PBXProject "DragDrop" */;
			compatibilityVersion = "Xcode 3.2";
			developmentRegion = English;
			hasScannedForEncodings = 0;
			knownRegions = (
				en,
				Base,
			);
			mainGroup = 3401479A19517BD400EC76BB;
			productRefGroup = 340147A419517BD400EC76BB /* Products */;
			projectDirPath = "";
			projectRoot = "";
			targets = (
				340147A219517BD400EC76BB /* DragDrop */,
				340147C619517BD400EC76BB /* DragDropTests */,
			);
		};
/* End PBXProject section */

/* Begin PBXResourcesBuildPhase section */
		340147A119517BD400EC76BB /* Resources */ = {
			isa = PBXResourcesBuildPhase;
			buildActionMask = 2147483647;
			files = (
				340147BD19517BD400EC76BB /* Main_iPad.storyboard in Resources */,
				340147C219517BD400EC76BB /* Images.xcassets in Resources */,
				340147BA19517BD400EC76BB /* Main_iPhone.storyboard in Resources */,
				340147B119517BD400EC76BB /* InfoPlist.strings in Resources */,
				9B24D1F6A68E1892613C6C93 /* 535972-418x500.jpg in Resources */,
				9B24D8D7879AA8DE7E7C891E /* DragDropGem@2x.png in Resources */,
				9B24D7E56F0715960D0674DC /* DragDropGem.png in Resources */,
			);
			runOnlyForDeploymentPostprocessing = 0;
		};
		340147C519517BD400EC76BB /* Resources */ = {
			isa = PBXResourcesBuildPhase;
			buildActionMask = 2147483647;
			files = (
				340147D319517BD400EC76BB /* InfoPlist.strings in Resources */,
			);
			runOnlyForDeploymentPostprocessing = 0;
		};
/* End PBXResourcesBuildPhase section */

/* Begin PBXShellScriptBuildPhase section */
		1EDBF43B831C4900868A33D7 /* Check Pods Manifest.lock */ = {
			isa = PBXShellScriptBuildPhase;
			buildActionMask = 2147483647;
			files = (
			);
			inputPaths = (
			);
			name = "Check Pods Manifest.lock";
			outputPaths = (
			);
			runOnlyForDeploymentPostprocessing = 0;
			shellPath = /bin/sh;
			shellScript = "diff \"${PODS_ROOT}/../Podfile.lock\" \"${PODS_ROOT}/Manifest.lock\" > /dev/null\nif [[ $? != 0 ]] ; then\n    cat << EOM\nerror: The sandbox is not in sync with the Podfile.lock. Run 'pod install' or update your CocoaPods installation.\nEOM\n    exit 1\nfi\n";
			showEnvVarsInLog = 0;
		};
		80F47802BAE4438CA3A79D22 /* Copy Pods Resources */ = {
			isa = PBXShellScriptBuildPhase;
			buildActionMask = 2147483647;
			files = (
			);
			inputPaths = (
			);
			name = "Copy Pods Resources";
			outputPaths = (
			);
			runOnlyForDeploymentPostprocessing = 0;
			shellPath = /bin/sh;
			shellScript = "\"${SRCROOT}/Pods/Pods-DragDrop-resources.sh\"\n";
			showEnvVarsInLog = 0;
		};
/* End PBXShellScriptBuildPhase section */

/* Begin PBXSourcesBuildPhase section */
		3401479F19517BD400EC76BB /* Sources */ = {
			isa = PBXSourcesBuildPhase;
			buildActionMask = 2147483647;
			files = (
				340147C019517BD400EC76BB /* DRPViewController.m in Sources */,
				34C6BEF7197E58D8007DFDCB /* DRPDraggableImageView.m in Sources */,
				34C6BEF8197E58D8007DFDCB /* DRPDraggableView.m in Sources */,
				34C6BEF6197E58D8007DFDCB /* DRPDragActionController.m in Sources */,
				340147B319517BD400EC76BB /* main.m in Sources */,
				340147B719517BD400EC76BB /* DRPAppDelegate.m in Sources */,
				34C6BEF9197E58D8007DFDCB /* DRPOverlayView.m in Sources */,
				9B24DB1B4A64F425E371BCB6 /* DRPTableViewCell.m in Sources */,
			);
			runOnlyForDeploymentPostprocessing = 0;
		};
		340147C319517BD400EC76BB /* Sources */ = {
			isa = PBXSourcesBuildPhase;
			buildActionMask = 2147483647;
			files = (
				340147D519517BD400EC76BB /* DragDropTests.m in Sources */,
			);
			runOnlyForDeploymentPostprocessing = 0;
		};
/* End PBXSourcesBuildPhase section */

/* Begin PBXTargetDependency section */
		340147CD19517BD400EC76BB /* PBXTargetDependency */ = {
			isa = PBXTargetDependency;
			target = 340147A219517BD400EC76BB /* DragDrop */;
			targetProxy = 340147CC19517BD400EC76BB /* PBXContainerItemProxy */;
		};
/* End PBXTargetDependency section */

/* Begin PBXVariantGroup section */
		340147AF19517BD400EC76BB /* InfoPlist.strings */ = {
			isa = PBXVariantGroup;
			children = (
				340147B019517BD400EC76BB /* en */,
			);
			name = InfoPlist.strings;
			sourceTree = "<group>";
		};
		340147B819517BD400EC76BB /* Main_iPhone.storyboard */ = {
			isa = PBXVariantGroup;
			children = (
				340147B919517BD400EC76BB /* Base */,
			);
			name = Main_iPhone.storyboard;
			sourceTree = "<group>";
		};
		340147BB19517BD400EC76BB /* Main_iPad.storyboard */ = {
			isa = PBXVariantGroup;
			children = (
				340147BC19517BD400EC76BB /* Base */,
			);
			name = Main_iPad.storyboard;
			sourceTree = "<group>";
		};
		340147D119517BD400EC76BB /* InfoPlist.strings */ = {
			isa = PBXVariantGroup;
			children = (
				340147D219517BD400EC76BB /* en */,
			);
			name = InfoPlist.strings;
			sourceTree = "<group>";
		};
/* End PBXVariantGroup section */

/* Begin XCBuildConfiguration section */
		340147D619517BD400EC76BB /* Debug */ = {
			isa = XCBuildConfiguration;
			buildSettings = {
				ALWAYS_SEARCH_USER_PATHS = NO;
				CLANG_CXX_LANGUAGE_STANDARD = "gnu++0x";
				CLANG_CXX_LIBRARY = "libc++";
				CLANG_ENABLE_MODULES = YES;
				CLANG_ENABLE_OBJC_ARC = YES;
				CLANG_WARN_BOOL_CONVERSION = YES;
				CLANG_WARN_CONSTANT_CONVERSION = YES;
				CLANG_WARN_DIRECT_OBJC_ISA_USAGE = YES_ERROR;
				CLANG_WARN_EMPTY_BODY = YES;
				CLANG_WARN_ENUM_CONVERSION = YES;
				CLANG_WARN_INT_CONVERSION = YES;
				CLANG_WARN_OBJC_ROOT_CLASS = YES_ERROR;
				CLANG_WARN__DUPLICATE_METHOD_MATCH = YES;
				"CODE_SIGN_IDENTITY[sdk=iphoneos*]" = "iPhone Developer";
				COPY_PHASE_STRIP = NO;
				GCC_C_LANGUAGE_STANDARD = gnu99;
				GCC_DYNAMIC_NO_PIC = NO;
				GCC_OPTIMIZATION_LEVEL = 0;
				GCC_PREPROCESSOR_DEFINITIONS = (
					"DEBUG=1",
					"$(inherited)",
				);
				GCC_SYMBOLS_PRIVATE_EXTERN = NO;
				GCC_WARN_64_TO_32_BIT_CONVERSION = YES;
				GCC_WARN_ABOUT_RETURN_TYPE = YES_ERROR;
				GCC_WARN_UNDECLARED_SELECTOR = YES;
				GCC_WARN_UNINITIALIZED_AUTOS = YES_AGGRESSIVE;
				GCC_WARN_UNUSED_FUNCTION = YES;
				GCC_WARN_UNUSED_VARIABLE = YES;
				IPHONEOS_DEPLOYMENT_TARGET = 7.1;
				ONLY_ACTIVE_ARCH = YES;
				SDKROOT = iphoneos;
				TARGETED_DEVICE_FAMILY = "1,2";
			};
			name = Debug;
		};
		340147D719517BD400EC76BB /* Release */ = {
			isa = XCBuildConfiguration;
			buildSettings = {
				ALWAYS_SEARCH_USER_PATHS = NO;
				CLANG_CXX_LANGUAGE_STANDARD = "gnu++0x";
				CLANG_CXX_LIBRARY = "libc++";
				CLANG_ENABLE_MODULES = YES;
				CLANG_ENABLE_OBJC_ARC = YES;
				CLANG_WARN_BOOL_CONVERSION = YES;
				CLANG_WARN_CONSTANT_CONVERSION = YES;
				CLANG_WARN_DIRECT_OBJC_ISA_USAGE = YES_ERROR;
				CLANG_WARN_EMPTY_BODY = YES;
				CLANG_WARN_ENUM_CONVERSION = YES;
				CLANG_WARN_INT_CONVERSION = YES;
				CLANG_WARN_OBJC_ROOT_CLASS = YES_ERROR;
				CLANG_WARN__DUPLICATE_METHOD_MATCH = YES;
				"CODE_SIGN_IDENTITY[sdk=iphoneos*]" = "iPhone Developer";
				COPY_PHASE_STRIP = YES;
				ENABLE_NS_ASSERTIONS = NO;
				GCC_C_LANGUAGE_STANDARD = gnu99;
				GCC_WARN_64_TO_32_BIT_CONVERSION = YES;
				GCC_WARN_ABOUT_RETURN_TYPE = YES_ERROR;
				GCC_WARN_UNDECLARED_SELECTOR = YES;
				GCC_WARN_UNINITIALIZED_AUTOS = YES_AGGRESSIVE;
				GCC_WARN_UNUSED_FUNCTION = YES;
				GCC_WARN_UNUSED_VARIABLE = YES;
				IPHONEOS_DEPLOYMENT_TARGET = 7.1;
				SDKROOT = iphoneos;
				TARGETED_DEVICE_FAMILY = "1,2";
				VALIDATE_PRODUCT = YES;
			};
			name = Release;
		};
		340147D919517BD400EC76BB /* Debug */ = {
			isa = XCBuildConfiguration;
			baseConfigurationReference = 36699445BC2E4C519DC5C18D /* Pods-DragDrop.xcconfig */;
			buildSettings = {
				ASSETCATALOG_COMPILER_APPICON_NAME = AppIcon;
				ASSETCATALOG_COMPILER_LAUNCHIMAGE_NAME = LaunchImage;
				GCC_PRECOMPILE_PREFIX_HEADER = YES;
				GCC_PREFIX_HEADER = "DragDrop/DragDrop-Prefix.pch";
				INFOPLIST_FILE = "DragDrop/DragDrop-Info.plist";
				PRODUCT_NAME = "$(TARGET_NAME)";
				USER_HEADER_SEARCH_PATHS = "\"${PROJECT_DIR}/Pods\"/**";
				WRAPPER_EXTENSION = app;
			};
			name = Debug;
		};
		340147DA19517BD400EC76BB /* Release */ = {
			isa = XCBuildConfiguration;
			baseConfigurationReference = 36699445BC2E4C519DC5C18D /* Pods-DragDrop.xcconfig */;
			buildSettings = {
				ASSETCATALOG_COMPILER_APPICON_NAME = AppIcon;
				ASSETCATALOG_COMPILER_LAUNCHIMAGE_NAME = LaunchImage;
				GCC_PRECOMPILE_PREFIX_HEADER = YES;
				GCC_PREFIX_HEADER = "DragDrop/DragDrop-Prefix.pch";
				INFOPLIST_FILE = "DragDrop/DragDrop-Info.plist";
				PRODUCT_NAME = "$(TARGET_NAME)";
				USER_HEADER_SEARCH_PATHS = "\"${PROJECT_DIR}/Pods\"/**";
				WRAPPER_EXTENSION = app;
			};
			name = Release;
		};
		340147DC19517BD400EC76BB /* Debug */ = {
			isa = XCBuildConfiguration;
			buildSettings = {
				BUNDLE_LOADER = "$(BUILT_PRODUCTS_DIR)/DragDrop.app/DragDrop";
				FRAMEWORK_SEARCH_PATHS = (
					"$(SDKROOT)/Developer/Library/Frameworks",
					"$(inherited)",
					"$(DEVELOPER_FRAMEWORKS_DIR)",
				);
				GCC_PRECOMPILE_PREFIX_HEADER = YES;
				GCC_PREFIX_HEADER = "DragDrop/DragDrop-Prefix.pch";
				GCC_PREPROCESSOR_DEFINITIONS = (
					"DEBUG=1",
					"$(inherited)",
				);
				INFOPLIST_FILE = "DragDropTests/DragDropTests-Info.plist";
				PRODUCT_NAME = "$(TARGET_NAME)";
				TEST_HOST = "$(BUNDLE_LOADER)";
				WRAPPER_EXTENSION = xctest;
			};
			name = Debug;
		};
		340147DD19517BD400EC76BB /* Release */ = {
			isa = XCBuildConfiguration;
			buildSettings = {
				BUNDLE_LOADER = "$(BUILT_PRODUCTS_DIR)/DragDrop.app/DragDrop";
				FRAMEWORK_SEARCH_PATHS = (
					"$(SDKROOT)/Developer/Library/Frameworks",
					"$(inherited)",
					"$(DEVELOPER_FRAMEWORKS_DIR)",
				);
				GCC_PRECOMPILE_PREFIX_HEADER = YES;
				GCC_PREFIX_HEADER = "DragDrop/DragDrop-Prefix.pch";
				INFOPLIST_FILE = "DragDropTests/DragDropTests-Info.plist";
				PRODUCT_NAME = "$(TARGET_NAME)";
				TEST_HOST = "$(BUNDLE_LOADER)";
				WRAPPER_EXTENSION = xctest;
			};
			name = Release;
		};
/* End XCBuildConfiguration section */

/* Begin XCConfigurationList section */
		3401479E19517BD400EC76BB /* Build configuration list for PBXProject "DragDrop" */ = {
			isa = XCConfigurationList;
			buildConfigurations = (
				340147D619517BD400EC76BB /* Debug */,
				340147D719517BD400EC76BB /* Release */,
			);
			defaultConfigurationIsVisible = 0;
			defaultConfigurationName = Release;
		};
		340147D819517BD400EC76BB /* Build configuration list for PBXNativeTarget "DragDrop" */ = {
			isa = XCConfigurationList;
			buildConfigurations = (
				340147D919517BD400EC76BB /* Debug */,
				340147DA19517BD400EC76BB /* Release */,
			);
			defaultConfigurationIsVisible = 0;
			defaultConfigurationName = Release;
		};
		340147DB19517BD400EC76BB /* Build configuration list for PBXNativeTarget "DragDropTests" */ = {
			isa = XCConfigurationList;
			buildConfigurations = (
				340147DC19517BD400EC76BB /* Debug */,
				340147DD19517BD400EC76BB /* Release */,
			);
			defaultConfigurationIsVisible = 0;
			defaultConfigurationName = Release;
		};
/* End XCConfigurationList section */
	};
	rootObject = 3401479B19517BD400EC76BB /* Project object */;
}
